PS D:\bas\devops_quiz-main> terraform apply -auto-approve  

Terraform used the selected providers to generate the following execution plan. Resource actions are indicated with the following symbols:
  + create

Terraform will perform the following actions:

  # docker_container.node_app will be created
  + resource "docker_container" "node_app" {
      + attach           = false
      + bridge           = (known after apply)
      + command          = [
          + "node",
          + "app.js",
        ]
      + container_logs   = (known after apply)
      + entrypoint       = (known after apply)
      + env              = [
          + "NODE_ENV=production",
        ]
      + exit_code        = (known after apply)
      + gateway          = (known after apply)
      + hostname         = (known after apply)
      + id               = (known after apply)
      + image            = "node:latest"
      + init             = (known after apply)
      + ip_address       = (known after apply)
      + ip_prefix_length = (known after apply)
      + ipc_mode         = (known after apply)
      + log_driver       = (known after apply)
      + logs             = false
      + must_run         = true
      + name             = "node_web_app"
      + network_data     = (known after apply)
      + read_only        = false
      + remove_volumes   = true
      + restart          = "no"
      + rm               = false
      + security_opts    = (known after apply)
      + shm_size         = (known after apply)
      + start            = true
      + stdin_open       = false
      + tty              = false
      + working_dir      = "/usr/src/app"

      + healthcheck (known after apply)

      + labels (known after apply)

      + ports {
          + external = 3000
          + internal = 3000
          + ip       = "0.0.0.0"
          + protocol = "tcp"
        }

      + volumes {
          + container_path = "/usr/src/app"
          + host_path      = "/d/bas/devops_quiz-main"
            # (2 unchanged attributes hidden)
        }
    }

  # docker_image.node_image will be created
  + resource "docker_image" "node_image" {
      + id           = (known after apply)
      + keep_locally = false
      + latest       = (known after apply)
      + name         = "node:latest"
      + output       = (known after apply)
      + repo_digest  = (known after apply)
    }

Plan: 2 to add, 0 to change, 0 to destroy.
docker_image.node_image: Creating...
docker_image.node_image: Still creating... [10s elapsed]
docker_image.node_image: Creation complete after 15s [id=sha256:c29271c7f2b4788fe9b90a7506d790dc8f2ff46132e1b70e71bf0c0679c8451cnode:latest]
docker_container.node_app: Creating...
docker_container.node_app: Creation complete after 3s [id=3ad6b9d38fefb0ec739f45a333f6313a9b284c47507925efbe45d9202bbb7b29]

Apply complete! Resources: 2 added, 0 changed, 0 destroyed.